// !$*UTF8*$!
{
	archiveVersion = 1;
	classes = {
	};
	objectVersion = 56;
	objects = {

/* Begin PBXBuildFile section */
		9806E0932C0FEA7A0073930C /* TimerView.swift in Sources */ = {isa = PBXBuildFile; fileRef = 9806E0922C0FEA7A0073930C /* TimerView.swift */; };
		983E89C32C114A8300752F22 /* WelcomeImages.swift in Sources */ = {isa = PBXBuildFile; fileRef = 983E89C22C114A8300752F22 /* WelcomeImages.swift */; };
		983E89C52C1151CD00752F22 /* RaisedButton.swift in Sources */ = {isa = PBXBuildFile; fileRef = 983E89C42C1151CD00752F22 /* RaisedButton.swift */; };
		983E89C72C1160AC00752F22 /* EmbossedButton.swift in Sources */ = {isa = PBXBuildFile; fileRef = 983E89C62C1160AC00752F22 /* EmbossedButton.swift */; };
		983E89C92C11762900752F22 /* ContainerView.swift in Sources */ = {isa = PBXBuildFile; fileRef = 983E89C82C11762900752F22 /* ContainerView.swift */; };
		983E89CB2C117D9D00752F22 /* GradientBackground.swift in Sources */ = {isa = PBXBuildFile; fileRef = 983E89CA2C117D9D00752F22 /* GradientBackground.swift */; };
		983E89CD2C11A84A00752F22 /* history.plist in Resources */ = {isa = PBXBuildFile; fileRef = 983E89CC2C11A84A00752F22 /* history.plist */; };
		983E89D02C12988800752F22 /* AddHistoryView.swift in Sources */ = {isa = PBXBuildFile; fileRef = 983E89CF2C12988800752F22 /* AddHistoryView.swift */; };
		983E89D22C12ABA000752F22 /* BarChartDayView.swift in Sources */ = {isa = PBXBuildFile; fileRef = 983E89D12C12ABA000752F22 /* BarChartDayView.swift */; };
		983E89D42C12BD0D00752F22 /* BarChartWeekView.swift in Sources */ = {isa = PBXBuildFile; fileRef = 983E89D32C12BD0C00752F22 /* BarChartWeekView.swift */; };
		983E89D82C12D54100752F22 /* IndentView.swift in Sources */ = {isa = PBXBuildFile; fileRef = 983E89D72C12D54100752F22 /* IndentView.swift */; };
		98698A8E2C0DC1C2007C6B3F /* HIITFitApp.swift in Sources */ = {isa = PBXBuildFile; fileRef = 98698A8D2C0DC1C2007C6B3F /* HIITFitApp.swift */; };
		98698A902C0DC1C2007C6B3F /* ContentView.swift in Sources */ = {isa = PBXBuildFile; fileRef = 98698A8F2C0DC1C2007C6B3F /* ContentView.swift */; };
		98698A922C0DC1C4007C6B3F /* Assets.xcassets in Resources */ = {isa = PBXBuildFile; fileRef = 98698A912C0DC1C4007C6B3F /* Assets.xcassets */; };
		98698A952C0DC1C4007C6B3F /* Preview Assets.xcassets in Resources */ = {isa = PBXBuildFile; fileRef = 98698A942C0DC1C4007C6B3F /* Preview Assets.xcassets */; };
		98698A9E2C0DC2FF007C6B3F /* DateExtension.swift in Sources */ = {isa = PBXBuildFile; fileRef = 98698A9D2C0DC2FF007C6B3F /* DateExtension.swift */; };
		98698AA02C0DCAC2007C6B3F /* ImageExtension.swift in Sources */ = {isa = PBXBuildFile; fileRef = 98698A9F2C0DCAC2007C6B3F /* ImageExtension.swift */; };
		98698AA72C0DD5AA007C6B3F /* WelcomeView.swift in Sources */ = {isa = PBXBuildFile; fileRef = 98698AA62C0DD5AA007C6B3F /* WelcomeView.swift */; };
		98698AA92C0DD5B1007C6B3F /* ExerciseView.swift in Sources */ = {isa = PBXBuildFile; fileRef = 98698AA82C0DD5B1007C6B3F /* ExerciseView.swift */; };
		98D7092A2C0EA97700F60FEC /* HeaderView.swift in Sources */ = {isa = PBXBuildFile; fileRef = 98D709292C0EA97700F60FEC /* HeaderView.swift */; };
		98D7092D2C0EBA1100F60FEC /* burpee.mp4 in Resources */ = {isa = PBXBuildFile; fileRef = 98698AA32C0DCD1A007C6B3F /* burpee.mp4 */; };
		98D7092E2C0EBA1100F60FEC /* squat.mp4 in Resources */ = {isa = PBXBuildFile; fileRef = 98698AA42C0DCD1A007C6B3F /* squat.mp4 */; };
		98D7092F2C0EBA1100F60FEC /* step-up.mp4 in Resources */ = {isa = PBXBuildFile; fileRef = 98698AA22C0DCD1A007C6B3F /* step-up.mp4 */; };
		98D709302C0EBA1100F60FEC /* sun-salute.mp4 in Resources */ = {isa = PBXBuildFile; fileRef = 98698AA52C0DCD1A007C6B3F /* sun-salute.mp4 */; };
		98D709322C0EC20F00F60FEC /* RatingView.swift in Sources */ = {isa = PBXBuildFile; fileRef = 98D709312C0EC20F00F60FEC /* RatingView.swift */; };
		98D709342C0EC47500F60FEC /* VideoPlayerView.swift in Sources */ = {isa = PBXBuildFile; fileRef = 98D709332C0EC47500F60FEC /* VideoPlayerView.swift */; };
		98D709362C0ED86000F60FEC /* HistoryView.swift in Sources */ = {isa = PBXBuildFile; fileRef = 98D709352C0ED86000F60FEC /* HistoryView.swift */; };
		98D709382C0EE7CD00F60FEC /* HistoryStore.swift in Sources */ = {isa = PBXBuildFile; fileRef = 98D709372C0EE7CD00F60FEC /* HistoryStore.swift */; };
		98D7093B2C0EE7FB00F60FEC /* Exercise.swift in Sources */ = {isa = PBXBuildFile; fileRef = 98D7093A2C0EE7FB00F60FEC /* Exercise.swift */; };
		98D7093D2C0EEA8500F60FEC /* HistoryStoreDevData.swift in Sources */ = {isa = PBXBuildFile; fileRef = 98D7093C2C0EEA8500F60FEC /* HistoryStoreDevData.swift */; };
		98D7093F2C0EF81200F60FEC /* SuccessView.swift in Sources */ = {isa = PBXBuildFile; fileRef = 98D7093E2C0EF81200F60FEC /* SuccessView.swift */; };
/* End PBXBuildFile section */

/* Begin PBXFileReference section */
		9806E0922C0FEA7A0073930C /* TimerView.swift */ = {isa = PBXFileReference; lastKnownFileType = sourcecode.swift; path = TimerView.swift; sourceTree = "<group>"; };
		983E89C22C114A8300752F22 /* WelcomeImages.swift */ = {isa = PBXFileReference; lastKnownFileType = sourcecode.swift; path = WelcomeImages.swift; sourceTree = "<group>"; };
		983E89C42C1151CD00752F22 /* RaisedButton.swift */ = {isa = PBXFileReference; lastKnownFileType = sourcecode.swift; path = RaisedButton.swift; sourceTree = "<group>"; };
		983E89C62C1160AC00752F22 /* EmbossedButton.swift */ = {isa = PBXFileReference; lastKnownFileType = sourcecode.swift; path = EmbossedButton.swift; sourceTree = "<group>"; };
		983E89C82C11762900752F22 /* ContainerView.swift */ = {isa = PBXFileReference; lastKnownFileType = sourcecode.swift; path = ContainerView.swift; sourceTree = "<group>"; };
		983E89CA2C117D9D00752F22 /* GradientBackground.swift */ = {isa = PBXFileReference; lastKnownFileType = sourcecode.swift; path = GradientBackground.swift; sourceTree = "<group>"; };
		983E89CC2C11A84A00752F22 /* history.plist */ = {isa = PBXFileReference; lastKnownFileType = file.bplist; path = history.plist; sourceTree = "<group>"; };
		983E89CF2C12988800752F22 /* AddHistoryView.swift */ = {isa = PBXFileReference; lastKnownFileType = sourcecode.swift; path = AddHistoryView.swift; sourceTree = "<group>"; };
		983E89D12C12ABA000752F22 /* BarChartDayView.swift */ = {isa = PBXFileReference; lastKnownFileType = sourcecode.swift; path = BarChartDayView.swift; sourceTree = "<group>"; };
		983E89D32C12BD0C00752F22 /* BarChartWeekView.swift */ = {isa = PBXFileReference; lastKnownFileType = sourcecode.swift; path = BarChartWeekView.swift; sourceTree = "<group>"; };
		983E89D72C12D54100752F22 /* IndentView.swift */ = {isa = PBXFileReference; lastKnownFileType = sourcecode.swift; path = IndentView.swift; sourceTree = "<group>"; };
		98698A8A2C0DC1C2007C6B3F /* HIITFit.app */ = {isa = PBXFileReference; explicitFileType = wrapper.application; includeInIndex = 0; path = HIITFit.app; sourceTree = BUILT_PRODUCTS_DIR; };
		98698A8D2C0DC1C2007C6B3F /* HIITFitApp.swift */ = {isa = PBXFileReference; lastKnownFileType = sourcecode.swift; path = HIITFitApp.swift; sourceTree = "<group>"; };
		98698A8F2C0DC1C2007C6B3F /* ContentView.swift */ = {isa = PBXFileReference; lastKnownFileType = sourcecode.swift; path = ContentView.swift; sourceTree = "<group>"; };
		98698A912C0DC1C4007C6B3F /* Assets.xcassets */ = {isa = PBXFileReference; lastKnownFileType = folder.assetcatalog; path = Assets.xcassets; sourceTree = "<group>"; };
		98698A942C0DC1C4007C6B3F /* Preview Assets.xcassets */ = {isa = PBXFileReference; lastKnownFileType = folder.assetcatalog; path = "Preview Assets.xcassets"; sourceTree = "<group>"; };
		98698A9D2C0DC2FF007C6B3F /* DateExtension.swift */ = {isa = PBXFileReference; lastKnownFileType = sourcecode.swift; path = DateExtension.swift; sourceTree = "<group>"; };
		98698A9F2C0DCAC2007C6B3F /* ImageExtension.swift */ = {isa = PBXFileReference; lastKnownFileType = sourcecode.swift; path = ImageExtension.swift; sourceTree = "<group>"; };
		98698AA22C0DCD1A007C6B3F /* step-up.mp4 */ = {isa = PBXFileReference; lastKnownFileType = file; path = "step-up.mp4"; sourceTree = "<group>"; };
		98698AA32C0DCD1A007C6B3F /* burpee.mp4 */ = {isa = PBXFileReference; lastKnownFileType = file; path = burpee.mp4; sourceTree = "<group>"; };
		98698AA42C0DCD1A007C6B3F /* squat.mp4 */ = {isa = PBXFileReference; lastKnownFileType = file; path = squat.mp4; sourceTree = "<group>"; };
		98698AA52C0DCD1A007C6B3F /* sun-salute.mp4 */ = {isa = PBXFileReference; lastKnownFileType = file; path = "sun-salute.mp4"; sourceTree = "<group>"; };
		98698AA62C0DD5AA007C6B3F /* WelcomeView.swift */ = {isa = PBXFileReference; lastKnownFileType = sourcecode.swift; path = WelcomeView.swift; sourceTree = "<group>"; };
		98698AA82C0DD5B1007C6B3F /* ExerciseView.swift */ = {isa = PBXFileReference; lastKnownFileType = sourcecode.swift; path = ExerciseView.swift; sourceTree = "<group>"; };
		98D709292C0EA97700F60FEC /* HeaderView.swift */ = {isa = PBXFileReference; lastKnownFileType = sourcecode.swift; path = HeaderView.swift; sourceTree = "<group>"; };
		98D709312C0EC20F00F60FEC /* RatingView.swift */ = {isa = PBXFileReference; lastKnownFileType = sourcecode.swift; path = RatingView.swift; sourceTree = "<group>"; };
		98D709332C0EC47500F60FEC /* VideoPlayerView.swift */ = {isa = PBXFileReference; lastKnownFileType = sourcecode.swift; path = VideoPlayerView.swift; sourceTree = "<group>"; };
		98D709352C0ED86000F60FEC /* HistoryView.swift */ = {isa = PBXFileReference; lastKnownFileType = sourcecode.swift; path = HistoryView.swift; sourceTree = "<group>"; };
		98D709372C0EE7CD00F60FEC /* HistoryStore.swift */ = {isa = PBXFileReference; lastKnownFileType = sourcecode.swift; path = HistoryStore.swift; sourceTree = "<group>"; };
		98D7093A2C0EE7FB00F60FEC /* Exercise.swift */ = {isa = PBXFileReference; fileEncoding = 4; lastKnownFileType = sourcecode.swift; path = Exercise.swift; sourceTree = "<group>"; };
		98D7093C2C0EEA8500F60FEC /* HistoryStoreDevData.swift */ = {isa = PBXFileReference; lastKnownFileType = sourcecode.swift; path = HistoryStoreDevData.swift; sourceTree = "<group>"; };
		98D7093E2C0EF81200F60FEC /* SuccessView.swift */ = {isa = PBXFileReference; lastKnownFileType = sourcecode.swift; path = SuccessView.swift; sourceTree = "<group>"; };
/* End PBXFileReference section */

/* Begin PBXFrameworksBuildPhase section */
		98698A872C0DC1C2007C6B3F /* Frameworks */ = {
			isa = PBXFrameworksBuildPhase;
			buildActionMask = 2147483647;
			files = (
			);
			runOnlyForDeploymentPostprocessing = 0;
		};
/* End PBXFrameworksBuildPhase section */

/* Begin PBXGroup section */
		983E89CE2C1297F200752F22 /* HistoryViews */ = {
			isa = PBXGroup;
			children = (
				98D709352C0ED86000F60FEC /* HistoryView.swift */,
				983E89CF2C12988800752F22 /* AddHistoryView.swift */,
				983E89D12C12ABA000752F22 /* BarChartDayView.swift */,
			);
			path = HistoryViews;
			sourceTree = "<group>";
		};
		983E89D52C12CB0B00752F22 /* ReportViews */ = {
			isa = PBXGroup;
			children = (
				983E89D32C12BD0C00752F22 /* BarChartWeekView.swift */,
			);
			path = ReportViews;
			sourceTree = "<group>";
		};
		983E89D62C12D52D00752F22 /* TimerView */ = {
			isa = PBXGroup;
			children = (
				9806E0922C0FEA7A0073930C /* TimerView.swift */,
				983E89D72C12D54100752F22 /* IndentView.swift */,
			);
			path = TimerView;
			sourceTree = "<group>";
		};
		98698A812C0DC1C2007C6B3F = {
			isa = PBXGroup;
			children = (
				98698A8C2C0DC1C2007C6B3F /* HIITFit */,
				98698A8B2C0DC1C2007C6B3F /* Products */,
			);
			sourceTree = "<group>";
		};
		98698A8B2C0DC1C2007C6B3F /* Products */ = {
			isa = PBXGroup;
			children = (
				98698A8A2C0DC1C2007C6B3F /* HIITFit.app */,
			);
			name = Products;
			sourceTree = "<group>";
		};
		98698A8C2C0DC1C2007C6B3F /* HIITFit */ = {
			isa = PBXGroup;
			children = (
				98698A8D2C0DC1C2007C6B3F /* HIITFitApp.swift */,
				98D709392C0EE7D900F60FEC /* Model */,
				98698AAA2C0DD5B8007C6B3F /* Views */,
				98698A9D2C0DC2FF007C6B3F /* DateExtension.swift */,
				98698A9F2C0DCAC2007C6B3F /* ImageExtension.swift */,
				98698AA12C0DCCD8007C6B3F /* Videos */,
				98698A912C0DC1C4007C6B3F /* Assets.xcassets */,
				98698A932C0DC1C4007C6B3F /* Preview Content */,
			);
			path = HIITFit;
			sourceTree = "<group>";
		};
		98698A932C0DC1C4007C6B3F /* Preview Content */ = {
			isa = PBXGroup;
			children = (
				983E89CC2C11A84A00752F22 /* history.plist */,
				98698A942C0DC1C4007C6B3F /* Preview Assets.xcassets */,
				98D7093C2C0EEA8500F60FEC /* HistoryStoreDevData.swift */,
			);
			path = "Preview Content";
			sourceTree = "<group>";
		};
		98698AA12C0DCCD8007C6B3F /* Videos */ = {
			isa = PBXGroup;
			children = (
				98698AA32C0DCD1A007C6B3F /* burpee.mp4 */,
				98698AA42C0DCD1A007C6B3F /* squat.mp4 */,
				98698AA22C0DCD1A007C6B3F /* step-up.mp4 */,
				98698AA52C0DCD1A007C6B3F /* sun-salute.mp4 */,
			);
			path = Videos;
			sourceTree = "<group>";
		};
		98698AAA2C0DD5B8007C6B3F /* Views */ = {
			isa = PBXGroup;
			children = (
				98698A8F2C0DC1C2007C6B3F /* ContentView.swift */,
				98698AA62C0DD5AA007C6B3F /* WelcomeView.swift */,
				98698AA82C0DD5B1007C6B3F /* ExerciseView.swift */,
				983E89D62C12D52D00752F22 /* TimerView */,
				983E89CE2C1297F200752F22 /* HistoryViews */,
				983E89D52C12CB0B00752F22 /* ReportViews */,
				98D709292C0EA97700F60FEC /* HeaderView.swift */,
				98D709312C0EC20F00F60FEC /* RatingView.swift */,
				98D709332C0EC47500F60FEC /* VideoPlayerView.swift */,
				98D7093E2C0EF81200F60FEC /* SuccessView.swift */,
				983E89C22C114A8300752F22 /* WelcomeImages.swift */,
				983E89C42C1151CD00752F22 /* RaisedButton.swift */,
				983E89C62C1160AC00752F22 /* EmbossedButton.swift */,
				983E89C82C11762900752F22 /* ContainerView.swift */,
				983E89CA2C117D9D00752F22 /* GradientBackground.swift */,
			);
			path = Views;
			sourceTree = "<group>";
		};
		98D709392C0EE7D900F60FEC /* Model */ = {
			isa = PBXGroup;
			children = (
				98D7093A2C0EE7FB00F60FEC /* Exercise.swift */,
				98D709372C0EE7CD00F60FEC /* HistoryStore.swift */,
			);
			path = Model;
			sourceTree = "<group>";
		};
/* End PBXGroup section */

/* Begin PBXNativeTarget section */
		98698A892C0DC1C2007C6B3F /* HIITFit */ = {
			isa = PBXNativeTarget;
			buildConfigurationList = 98698A982C0DC1C4007C6B3F /* Build configuration list for PBXNativeTarget "HIITFit" */;
			buildPhases = (
				98698A862C0DC1C2007C6B3F /* Sources */,
				98698A872C0DC1C2007C6B3F /* Frameworks */,
				98698A882C0DC1C2007C6B3F /* Resources */,
			);
			buildRules = (
			);
			dependencies = (
			);
			name = HIITFit;
			productName = HIITFit;
			productReference = 98698A8A2C0DC1C2007C6B3F /* HIITFit.app */;
			productType = "com.apple.product-type.application";
		};
/* End PBXNativeTarget section */

/* Begin PBXProject section */
		98698A822C0DC1C2007C6B3F /* Project object */ = {
			isa = PBXProject;
			attributes = {
				BuildIndependentTargetsInParallel = 1;
				LastSwiftUpdateCheck = 1540;
				LastUpgradeCheck = 1540;
				TargetAttributes = {
					98698A892C0DC1C2007C6B3F = {
						CreatedOnToolsVersion = 15.4;
					};
				};
			};
			buildConfigurationList = 98698A852C0DC1C2007C6B3F /* Build configuration list for PBXProject "HIITFit" */;
			compatibilityVersion = "Xcode 14.0";
			developmentRegion = en;
			hasScannedForEncodings = 0;
			knownRegions = (
				en,
				Base,
			);
			mainGroup = 98698A812C0DC1C2007C6B3F;
			productRefGroup = 98698A8B2C0DC1C2007C6B3F /* Products */;
			projectDirPath = "";
			projectRoot = "";
			targets = (
				98698A892C0DC1C2007C6B3F /* HIITFit */,
			);
		};
/* End PBXProject section */

/* Begin PBXResourcesBuildPhase section */
		98698A882C0DC1C2007C6B3F /* Resources */ = {
			isa = PBXResourcesBuildPhase;
			buildActionMask = 2147483647;
			files = (
				98D7092D2C0EBA1100F60FEC /* burpee.mp4 in Resources */,
				983E89CD2C11A84A00752F22 /* history.plist in Resources */,
				98D7092E2C0EBA1100F60FEC /* squat.mp4 in Resources */,
				98D7092F2C0EBA1100F60FEC /* step-up.mp4 in Resources */,
				98D709302C0EBA1100F60FEC /* sun-salute.mp4 in Resources */,
				98698A952C0DC1C4007C6B3F /* Preview Assets.xcassets in Resources */,
				98698A922C0DC1C4007C6B3F /* Assets.xcassets in Resources */,
			);
			runOnlyForDeploymentPostprocessing = 0;
		};
/* End PBXResourcesBuildPhase section */

/* Begin PBXSourcesBuildPhase section */
		98698A862C0DC1C2007C6B3F /* Sources */ = {
			isa = PBXSourcesBuildPhase;
			buildActionMask = 2147483647;
			files = (
				983E89D02C12988800752F22 /* AddHistoryView.swift in Sources */,
				983E89C32C114A8300752F22 /* WelcomeImages.swift in Sources */,
				9806E0932C0FEA7A0073930C /* TimerView.swift in Sources */,
				98D7093D2C0EEA8500F60FEC /* HistoryStoreDevData.swift in Sources */,
				98698AA92C0DD5B1007C6B3F /* ExerciseView.swift in Sources */,
				98698AA72C0DD5AA007C6B3F /* WelcomeView.swift in Sources */,
				983E89CB2C117D9D00752F22 /* GradientBackground.swift in Sources */,
				98D709322C0EC20F00F60FEC /* RatingView.swift in Sources */,
				983E89D82C12D54100752F22 /* IndentView.swift in Sources */,
				98D709382C0EE7CD00F60FEC /* HistoryStore.swift in Sources */,
				98698A902C0DC1C2007C6B3F /* ContentView.swift in Sources */,
				98D7093F2C0EF81200F60FEC /* SuccessView.swift in Sources */,
				98D709362C0ED86000F60FEC /* HistoryView.swift in Sources */,
				983E89C52C1151CD00752F22 /* RaisedButton.swift in Sources */,
				98698A9E2C0DC2FF007C6B3F /* DateExtension.swift in Sources */,
				98698A8E2C0DC1C2007C6B3F /* HIITFitApp.swift in Sources */,
				983E89C92C11762900752F22 /* ContainerView.swift in Sources */,
				983E89D22C12ABA000752F22 /* BarChartDayView.swift in Sources */,
				98D7093B2C0EE7FB00F60FEC /* Exercise.swift in Sources */,
				98698AA02C0DCAC2007C6B3F /* ImageExtension.swift in Sources */,
				98D7092A2C0EA97700F60FEC /* HeaderView.swift in Sources */,
				983E89D42C12BD0D00752F22 /* BarChartWeekView.swift in Sources */,
				98D709342C0EC47500F60FEC /* VideoPlayerView.swift in Sources */,
				983E89C72C1160AC00752F22 /* EmbossedButton.swift in Sources */,
			);
			runOnlyForDeploymentPostprocessing = 0;
		};
/* End PBXSourcesBuildPhase section */

/* Begin XCBuildConfiguration section */
		98698A962C0DC1C4007C6B3F /* Debug */ = {
			isa = XCBuildConfiguration;
			buildSettings = {
				ALWAYS_SEARCH_USER_PATHS = NO;
				ASSETCATALOG_COMPILER_GENERATE_SWIFT_ASSET_SYMBOL_EXTENSIONS = YES;
				CLANG_ANALYZER_NONNULL = YES;
				CLANG_ANALYZER_NUMBER_OBJECT_CONVERSION = YES_AGGRESSIVE;
				CLANG_CXX_LANGUAGE_STANDARD = "gnu++20";
				CLANG_ENABLE_MODULES = YES;
				CLANG_ENABLE_OBJC_ARC = YES;
				CLANG_ENABLE_OBJC_WEAK = YES;
				CLANG_WARN_BLOCK_CAPTURE_AUTORELEASING = YES;
				CLANG_WARN_BOOL_CONVERSION = YES;
				CLANG_WARN_COMMA = YES;
				CLANG_WARN_CONSTANT_CONVERSION = YES;
				CLANG_WARN_DEPRECATED_OBJC_IMPLEMENTATIONS = YES;
				CLANG_WARN_DIRECT_OBJC_ISA_USAGE = YES_ERROR;
				CLANG_WARN_DOCUMENTATION_COMMENTS = YES;
				CLANG_WARN_EMPTY_BODY = YES;
				CLANG_WARN_ENUM_CONVERSION = YES;
				CLANG_WARN_INFINITE_RECURSION = YES;
				CLANG_WARN_INT_CONVERSION = YES;
				CLANG_WARN_NON_LITERAL_NULL_CONVERSION = YES;
				CLANG_WARN_OBJC_IMPLICIT_RETAIN_SELF = YES;
				CLANG_WARN_OBJC_LITERAL_CONVERSION = YES;
				CLANG_WARN_OBJC_ROOT_CLASS = YES_ERROR;
				CLANG_WARN_QUOTED_INCLUDE_IN_FRAMEWORK_HEADER = YES;
				CLANG_WARN_RANGE_LOOP_ANALYSIS = YES;
				CLANG_WARN_STRICT_PROTOTYPES = YES;
				CLANG_WARN_SUSPICIOUS_MOVE = YES;
				CLANG_WARN_UNGUARDED_AVAILABILITY = YES_AGGRESSIVE;
				CLANG_WARN_UNREACHABLE_CODE = YES;
				CLANG_WARN__DUPLICATE_METHOD_MATCH = YES;
				COPY_PHASE_STRIP = NO;
				DEBUG_INFORMATION_FORMAT = dwarf;
				ENABLE_STRICT_OBJC_MSGSEND = YES;
				ENABLE_TESTABILITY = YES;
				ENABLE_USER_SCRIPT_SANDBOXING = YES;
				GCC_C_LANGUAGE_STANDARD = gnu17;
				GCC_DYNAMIC_NO_PIC = NO;
				GCC_NO_COMMON_BLOCKS = YES;
				GCC_OPTIMIZATION_LEVEL = 0;
				GCC_PREPROCESSOR_DEFINITIONS = (
					"DEBUG=1",
					"$(inherited)",
				);
				GCC_WARN_64_TO_32_BIT_CONVERSION = YES;
				GCC_WARN_ABOUT_RETURN_TYPE = YES_ERROR;
				GCC_WARN_UNDECLARED_SELECTOR = YES;
				GCC_WARN_UNINITIALIZED_AUTOS = YES_AGGRESSIVE;
				GCC_WARN_UNUSED_FUNCTION = YES;
				GCC_WARN_UNUSED_VARIABLE = YES;
				IPHONEOS_DEPLOYMENT_TARGET = 17.5;
				LOCALIZATION_PREFERS_STRING_CATALOGS = YES;
				MTL_ENABLE_DEBUG_INFO = INCLUDE_SOURCE;
				MTL_FAST_MATH = YES;
				ONLY_ACTIVE_ARCH = YES;
				SDKROOT = iphoneos;
				SWIFT_ACTIVE_COMPILATION_CONDITIONS = "DEBUG $(inherited)";
				SWIFT_OPTIMIZATION_LEVEL = "-Onone";
			};
			name = Debug;
		};
		98698A972C0DC1C4007C6B3F /* Release */ = {
			isa = XCBuildConfiguration;
			buildSettings = {
				ALWAYS_SEARCH_USER_PATHS = NO;
				ASSETCATALOG_COMPILER_GENERATE_SWIFT_ASSET_SYMBOL_EXTENSIONS = YES;
				CLANG_ANALYZER_NONNULL = YES;
				CLANG_ANALYZER_NUMBER_OBJECT_CONVERSION = YES_AGGRESSIVE;
				CLANG_CXX_LANGUAGE_STANDARD = "gnu++20";
				CLANG_ENABLE_MODULES = YES;
				CLANG_ENABLE_OBJC_ARC = YES;
				CLANG_ENABLE_OBJC_WEAK = YES;
				CLANG_WARN_BLOCK_CAPTURE_AUTORELEASING = YES;
				CLANG_WARN_BOOL_CONVERSION = YES;
				CLANG_WARN_COMMA = YES;
				CLANG_WARN_CONSTANT_CONVERSION = YES;
				CLANG_WARN_DEPRECATED_OBJC_IMPLEMENTATIONS = YES;
				CLANG_WARN_DIRECT_OBJC_ISA_USAGE = YES_ERROR;
				CLANG_WARN_DOCUMENTATION_COMMENTS = YES;
				CLANG_WARN_EMPTY_BODY = YES;
				CLANG_WARN_ENUM_CONVERSION = YES;
				CLANG_WARN_INFINITE_RECURSION = YES;
				CLANG_WARN_INT_CONVERSION = YES;
				CLANG_WARN_NON_LITERAL_NULL_CONVERSION = YES;
				CLANG_WARN_OBJC_IMPLICIT_RETAIN_SELF = YES;
				CLANG_WARN_OBJC_LITERAL_CONVERSION = YES;
				CLANG_WARN_OBJC_ROOT_CLASS = YES_ERROR;
				CLANG_WARN_QUOTED_INCLUDE_IN_FRAMEWORK_HEADER = YES;
				CLANG_WARN_RANGE_LOOP_ANALYSIS = YES;
				CLANG_WARN_STRICT_PROTOTYPES = YES;
				CLANG_WARN_SUSPICIOUS_MOVE = YES;
				CLANG_WARN_UNGUARDED_AVAILABILITY = YES_AGGRESSIVE;
				CLANG_WARN_UNREACHABLE_CODE = YES;
				CLANG_WARN__DUPLICATE_METHOD_MATCH = YES;
				COPY_PHASE_STRIP = NO;
				DEBUG_INFORMATION_FORMAT = "dwarf-with-dsym";
				ENABLE_NS_ASSERTIONS = NO;
				ENABLE_STRICT_OBJC_MSGSEND = YES;
				ENABLE_USER_SCRIPT_SANDBOXING = YES;
				GCC_C_LANGUAGE_STANDARD = gnu17;
				GCC_NO_COMMON_BLOCKS = YES;
				GCC_WARN_64_TO_32_BIT_CONVERSION = YES;
				GCC_WARN_ABOUT_RETURN_TYPE = YES_ERROR;
				GCC_WARN_UNDECLARED_SELECTOR = YES;
				GCC_WARN_UNINITIALIZED_AUTOS = YES_AGGRESSIVE;
				GCC_WARN_UNUSED_FUNCTION = YES;
				GCC_WARN_UNUSED_VARIABLE = YES;
				IPHONEOS_DEPLOYMENT_TARGET = 17.5;
				LOCALIZATION_PREFERS_STRING_CATALOGS = YES;
				MTL_ENABLE_DEBUG_INFO = NO;
				MTL_FAST_MATH = YES;
				SDKROOT = iphoneos;
				SWIFT_COMPILATION_MODE = wholemodule;
				VALIDATE_PRODUCT = YES;
			};
			name = Release;
		};
		98698A992C0DC1C4007C6B3F /* Debug */ = {
			isa = XCBuildConfiguration;
			buildSettings = {
				ASSETCATALOG_COMPILER_APPICON_NAME = AppIcon;
				ASSETCATALOG_COMPILER_GLOBAL_ACCENT_COLOR_NAME = AccentColor;
				"CODE_SIGN_IDENTITY[sdk=iphoneos*]" = "iPhone Developer";
				CODE_SIGN_STYLE = Manual;
				CURRENT_PROJECT_VERSION = 1;
				DEVELOPMENT_ASSET_PATHS = "\"HIITFit/Preview Content\"";
				DEVELOPMENT_TEAM = "";
				"DEVELOPMENT_TEAM[sdk=iphoneos*]" = 76424D5MN6;
				ENABLE_PREVIEWS = YES;
				GENERATE_INFOPLIST_FILE = YES;
				INFOPLIST_KEY_UIApplicationSceneManifest_Generation = YES;
				INFOPLIST_KEY_UIApplicationSupportsIndirectInputEvents = YES;
				INFOPLIST_KEY_UILaunchScreen_Generation = YES;
				INFOPLIST_KEY_UISupportedInterfaceOrientations_iPad = "UIInterfaceOrientationPortrait UIInterfaceOrientationPortraitUpsideDown UIInterfaceOrientationLandscapeLeft UIInterfaceOrientationLandscapeRight";
				INFOPLIST_KEY_UISupportedInterfaceOrientations_iPhone = "UIInterfaceOrientationPortrait UIInterfaceOrientationLandscapeLeft UIInterfaceOrientationLandscapeRight";
				LD_RUNPATH_SEARCH_PATHS = (
					"$(inherited)",
					"@executable_path/Frameworks",
				);
				MARKETING_VERSION = 1.0;
				PRODUCT_BUNDLE_IDENTIFIER = com.justin.HIITFit;
				PRODUCT_NAME = "$(TARGET_NAME)";
				PROVISIONING_PROFILE_SPECIFIER = "";
				"PROVISIONING_PROFILE_SPECIFIER[sdk=iphoneos*]" = HIITFit_Dev;
				SWIFT_EMIT_LOC_STRINGS = YES;
				SWIFT_VERSION = 5.0;
				TARGETED_DEVICE_FAMILY = "1,2";
			};
			name = Debug;
		};
		98698A9A2C0DC1C4007C6B3F /* Release */ = {
			isa = XCBuildConfiguration;
			buildSettings = {
				ASSETCATALOG_COMPILER_APPICON_NAME = AppIcon;
				ASSETCATALOG_COMPILER_GLOBAL_ACCENT_COLOR_NAME = AccentColor;
				"CODE_SIGN_IDENTITY[sdk=iphoneos*]" = "iPhone Developer";
				CODE_SIGN_STYLE = Manual;
				CURRENT_PROJECT_VERSION = 1;
				DEVELOPMENT_ASSET_PATHS = "\"HIITFit/Preview Content\"";
				DEVELOPMENT_TEAM = "";
				"DEVELOPMENT_TEAM[sdk=iphoneos*]" = 76424D5MN6;
				ENABLE_PREVIEWS = YES;
				GENERATE_INFOPLIST_FILE = YES;
				INFOPLIST_KEY_UIApplicationSceneManifest_Generation = YES;
				INFOPLIST_KEY_UIApplicationSupportsIndirectInputEvents = YES;
				INFOPLIST_KEY_UILaunchScreen_Generation = YES;
				INFOPLIST_KEY_UISupportedInterfaceOrientations_iPad = "UIInterfaceOrientationPortrait UIInterfaceOrientationPortraitUpsideDown UIInterfaceOrientationLandscapeLeft UIInterfaceOrientationLandscapeRight";
				INFOPLIST_KEY_UISupportedInterfaceOrientations_iPhone = "UIInterfaceOrientationPortrait UIInterfaceOrientationLandscapeLeft UIInterfaceOrientationLandscapeRight";
				LD_RUNPATH_SEARCH_PATHS = (
					"$(inherited)",
					"@executable_path/Frameworks",
				);
				MARKETING_VERSION = 1.0;
				PRODUCT_BUNDLE_IDENTIFIER = com.justin.HIITFit;
				PRODUCT_NAME = "$(TARGET_NAME)";
				PROVISIONING_PROFILE_SPECIFIER = "";
				"PROVISIONING_PROFILE_SPECIFIER[sdk=iphoneos*]" = HIITFit_Dev;
				SWIFT_EMIT_LOC_STRINGS = YES;
				SWIFT_VERSION = 5.0;
				TARGETED_DEVICE_FAMILY = "1,2";
			};
			name = Release;
		};
/* End XCBuildConfiguration section */

/* Begin XCConfigurationList section */
		98698A852C0DC1C2007C6B3F /* Build configuration list for PBXProject "HIITFit" */ = {
			isa = XCConfigurationList;
			buildConfigurations = (
				98698A962C0DC1C4007C6B3F /* Debug */,
				98698A972C0DC1C4007C6B3F /* Release */,
			);
			defaultConfigurationIsVisible = 0;
			defaultConfigurationName = Release;
		};
		98698A982C0DC1C4007C6B3F /* Build configuration list for PBXNativeTarget "HIITFit" */ = {
			isa = XCConfigurationList;
			buildConfigurations = (
				98698A992C0DC1C4007C6B3F /* Debug */,
				98698A9A2C0DC1C4007C6B3F /* Release */,
			);
			defaultConfigurationIsVisible = 0;
			defaultConfigurationName = Release;
		};
/* End XCConfigurationList section */
	};
	rootObject = 98698A822C0DC1C2007C6B3F /* Project object */;
}
